
Microsoft Visual Studio Solution File, Format Version 12.00
# Visual Studio Version 17
VisualStudioVersion = 17.0.31903.59
MinimumVisualStudioVersion = 10.0.40219.1
Project("{FAE04EC0-301F-11D3-BF4B-00C04F79EFBC}") = "DataMatrix", "DataMatrix\DataMatrix.csproj", "{39F3E8E7-D656-49D7-A5E1-886F4754D089}"
EndProject
Project("{FAE04EC0-301F-11D3-BF4B-00C04F79EFBC}") = "DataMatrix.Test", "DataMatrix.Test\DataMatrix.Test.csproj", "{7549663A-D465-4645-94C2-722157989ADB}"
EndProject
Global
	GlobalSection(SolutionConfigurationPlatforms) = preSolution
		Debug|Any CPU = Debug|Any CPU
		Release|Any CPU = Release|Any CPU
	EndGlobalSection
	GlobalSection(ProjectConfigurationPlatforms) = postSolution
		{39F3E8E7-D656-49D7-A5E1-886F4754D089}.Debug|Any CPU.ActiveCfg = Debug|Any CPU
		{39F3E8E7-D656-49D7-A5E1-886F4754D089}.Debug|Any CPU.Build.0 = Debug|Any CPU
		{39F3E8E7-D656-49D7-A5E1-886F4754D089}.Release|Any CPU.ActiveCfg = Release|Any CPU
		{39F3E8E7-D656-49D7-A5E1-886F4754D089}.Release|Any CPU.Build.0 = Release|Any CPU
		{7549663A-D465-4645-94C2-722157989ADB}.Debug|Any CPU.ActiveCfg = Debug|Any CPU
		{7549663A-D465-4645-94C2-722157989ADB}.Debug|Any CPU.Build.0 = Debug|Any CPU
		{7549663A-D465-4645-94C2-722157989ADB}.Release|Any CPU.ActiveCfg = Release|Any CPU
		{7549663A-D465-4645-94C2-722157989ADB}.Release|Any CPU.Build.0 = Release|Any CPU
	EndGlobalSection
	GlobalSection(SolutionProperties) = preSolution
		HideSolutionNode = FALSE
	EndGlobalSection
EndGlobal
